
Microsoft Visual Studio Solution File, Format Version 12.00
# Visual Studio Version 17
VisualStudioVersion = 17.5.33516.290
MinimumVisualStudioVersion = 10.0.40219.1
Project("{9A19103F-16F7-4668-BE54-9A1E7A4F7556}") = "SampleApi-HTTP-Client", "SampleApi-HTTP-Client.csproj", "{09D9CE53-5C21-48C0-A71D-19FE67B54ECE}"
EndProject
Global
	GlobalSection(SolutionConfigurationPlatforms) = preSolution
		Debug|Any CPU = Debug|Any CPU
		Release|Any CPU = Release|Any CPU
	EndGlobalSection
	GlobalSection(ProjectConfigurationPlatforms) = postSolution
		{09D9CE53-5C21-48C0-A71D-19FE67B54ECE}.Debug|Any CPU.ActiveCfg = Debug|Any CPU
		{09D9CE53-5C21-48C0-A71D-19FE67B54ECE}.Debug|Any CPU.Build.0 = Debug|Any CPU
		{09D9CE53-5C21-48C0-A71D-19FE67B54ECE}.Release|Any CPU.ActiveCfg = Release|Any CPU
		{09D9CE53-5C21-48C0-A71D-19FE67B54ECE}.Release|Any CPU.Build.0 = Release|Any CPU
	EndGlobalSection
	GlobalSection(SolutionProperties) = preSolution
		HideSolutionNode = FALSE
	EndGlobalSection
	GlobalSection(ExtensibilityGlobals) = postSolution
		SolutionGuid = {CFE65258-37FE-407E-8F94-F68B5E1F9F07}
	EndGlobalSection
EndGlobal
